
Microsoft Visual Studio Solution File, Format Version 12.00
# Visual Studio Version 16
VisualStudioVersion = 16.0.31019.35
MinimumVisualStudioVersion = 10.0.40219.1
Project("{FAE04EC0-301F-11D3-BF4B-00C04F79EFBC}") = "BE-4-customers", "BE-4-customers.csproj", "{D4E49AEA-5341-415E-896E-E1C4435C49DE}"
EndProject
Global
	GlobalSection(SolutionConfigurationPlatforms) = preSolution
		Debug|Any CPU = Debug|Any CPU
		Release|Any CPU = Release|Any CPU
	EndGlobalSection
	GlobalSection(ProjectConfigurationPlatforms) = postSolution
		{D4E49AEA-5341-415E-896E-E1C4435C49DE}.Debug|Any CPU.ActiveCfg = Debug|Any CPU
		{D4E49AEA-5341-415E-896E-E1C4435C49DE}.Debug|Any CPU.Build.0 = Debug|Any CPU
		{D4E49AEA-5341-415E-896E-E1C4435C49DE}.Release|Any CPU.ActiveCfg = Release|Any CPU
		{D4E49AEA-5341-415E-896E-E1C4435C49DE}.Release|Any CPU.Build.0 = Release|Any CPU
	EndGlobalSection
	GlobalSection(SolutionProperties) = preSolution
		HideSolutionNode = FALSE
	EndGlobalSection
	GlobalSection(ExtensibilityGlobals) = postSolution
		SolutionGuid = {DE624286-7214-4134-B9CC-794A80DFF892}
	EndGlobalSection
EndGlobal
